// !$*UTF8*$!
{
	archiveVersion = 1;
	classes = {
	};
	objectVersion = 50;
	objects = {

/* Begin PBXBuildFile section */
		815D183B2133AAFF0007DA73 /* AppDelegate.m in Sources */ = {isa = PBXBuildFile; fileRef = 815D183A2133AAFF0007DA73 /* AppDelegate.m */; };
		815D183E2133AAFF0007DA73 /* ViewController.m in Sources */ = {isa = PBXBuildFile; fileRef = 815D183D2133AAFF0007DA73 /* ViewController.m */; };
		815D18412133AAFF0007DA73 /* Main.storyboard in Resources */ = {isa = PBXBuildFile; fileRef = 815D183F2133AAFF0007DA73 /* Main.storyboard */; };
		815D18432133AB070007DA73 /* Assets.xcassets in Resources */ = {isa = PBXBuildFile; fileRef = 815D18422133AB070007DA73 /* Assets.xcassets */; };
		815D18462133AB070007DA73 /* LaunchScreen.storyboard in Resources */ = {isa = PBXBuildFile; fileRef = 815D18442133AB070007DA73 /* LaunchScreen.storyboard */; };
		815D18492133AB070007DA73 /* main.m in Sources */ = {isa = PBXBuildFile; fileRef = 815D18482133AB070007DA73 /* main.m */; };
		815D18532133AB070007DA73 /* gerenTests.m in Sources */ = {isa = PBXBuildFile; fileRef = 815D18522133AB070007DA73 /* gerenTests.m */; };
		815D185E2133AB070007DA73 /* gerenUITests.m in Sources */ = {isa = PBXBuildFile; fileRef = 815D185D2133AB070007DA73 /* gerenUITests.m */; };
		815D186E2133AB520007DA73 /* HZBNaviViewController.m in Sources */ = {isa = PBXBuildFile; fileRef = 815D186D2133AB520007DA73 /* HZBNaviViewController.m */; };
		815D18712133ABD90007DA73 /* HZBBaseViewController.m in Sources */ = {isa = PBXBuildFile; fileRef = 815D18702133ABD90007DA73 /* HZBBaseViewController.m */; };
		815D188D2133AE3E0007DA73 /* Info.plist in Resources */ = {isa = PBXBuildFile; fileRef = 815D18732133AE3E0007DA73 /* Info.plist */; };
		815D188E2133AE3E0007DA73 /* MASCompositeConstraint.m in Sources */ = {isa = PBXBuildFile; fileRef = 815D18752133AE3E0007DA73 /* MASCompositeConstraint.m */; };
		815D188F2133AE3E0007DA73 /* MASConstraint.m in Sources */ = {isa = PBXBuildFile; fileRef = 815D18782133AE3E0007DA73 /* MASConstraint.m */; };
		815D18902133AE3E0007DA73 /* MASConstraintMaker.m in Sources */ = {isa = PBXBuildFile; fileRef = 815D187A2133AE3E0007DA73 /* MASConstraintMaker.m */; };
		815D18912133AE3E0007DA73 /* MASLayoutConstraint.m in Sources */ = {isa = PBXBuildFile; fileRef = 815D187C2133AE3E0007DA73 /* MASLayoutConstraint.m */; };
		815D18922133AE3E0007DA73 /* MASViewAttribute.m in Sources */ = {isa = PBXBuildFile; fileRef = 815D18802133AE3E0007DA73 /* MASViewAttribute.m */; };
		815D18932133AE3E0007DA73 /* MASViewConstraint.m in Sources */ = {isa = PBXBuildFile; fileRef = 815D18822133AE3E0007DA73 /* MASViewConstraint.m */; };
		815D18942133AE3E0007DA73 /* NSArray+MASAdditions.m in Sources */ = {isa = PBXBuildFile; fileRef = 815D18842133AE3E0007DA73 /* NSArray+MASAdditions.m */; };
		815D18952133AE3E0007DA73 /* NSLayoutConstraint+MASDebugAdditions.m in Sources */ = {isa = PBXBuildFile; fileRef = 815D18872133AE3E0007DA73 /* NSLayoutConstraint+MASDebugAdditions.m */; };
		815D18962133AE3E0007DA73 /* View+MASAdditions.m in Sources */ = {isa = PBXBuildFile; fileRef = 815D18892133AE3E0007DA73 /* View+MASAdditions.m */; };
		815D18972133AE3E0007DA73 /* ViewController+MASAdditions.m in Sources */ = {isa = PBXBuildFile; fileRef = 815D188C2133AE3E0007DA73 /* ViewController+MASAdditions.m */; };
		815D189B2133C5330007DA73 /* HZBNaviViewController+transparent.m in Sources */ = {isa = PBXBuildFile; fileRef = 815D189A2133C5330007DA73 /* HZBNaviViewController+transparent.m */; };
		815D189E2133C5520007DA73 /* HZBBaseViewController+transparent.m in Sources */ = {isa = PBXBuildFile; fileRef = 815D189D2133C5520007DA73 /* HZBBaseViewController+transparent.m */; };
		815D18A12133C8EB0007DA73 /* testViewController.m in Sources */ = {isa = PBXBuildFile; fileRef = 815D18A02133C8EB0007DA73 /* testViewController.m */; };
		815D18A42133CE760007DA73 /* RootViewController.m in Sources */ = {isa = PBXBuildFile; fileRef = 815D18A32133CE760007DA73 /* RootViewController.m */; };
/* End PBXBuildFile section */

/* Begin PBXContainerItemProxy section */
		815D184F2133AB070007DA73 /* PBXContainerItemProxy */ = {
			isa = PBXContainerItemProxy;
			containerPortal = 815D182E2133AAFF0007DA73 /* Project object */;
			proxyType = 1;
			remoteGlobalIDString = 815D18352133AAFF0007DA73;
			remoteInfo = geren;
		};
		815D185A2133AB070007DA73 /* PBXContainerItemProxy */ = {
			isa = PBXContainerItemProxy;
			containerPortal = 815D182E2133AAFF0007DA73 /* Project object */;
			proxyType = 1;
			remoteGlobalIDString = 815D18352133AAFF0007DA73;
			remoteInfo = geren;
		};
/* End PBXContainerItemProxy section */

/* Begin PBXFileReference section */
		815D18362133AAFF0007DA73 /* geren.app */ = {isa = PBXFileReference; explicitFileType = wrapper.application; includeInIndex = 0; path = geren.app; sourceTree = BUILT_PRODUCTS_DIR; };
		815D18392133AAFF0007DA73 /* AppDelegate.h */ = {isa = PBXFileReference; lastKnownFileType = sourcecode.c.h; path = AppDelegate.h; sourceTree = "<group>"; };
		815D183A2133AAFF0007DA73 /* AppDelegate.m */ = {isa = PBXFileReference; lastKnownFileType = sourcecode.c.objc; path = AppDelegate.m; sourceTree = "<group>"; };
		815D183C2133AAFF0007DA73 /* ViewController.h */ = {isa = PBXFileReference; lastKnownFileType = sourcecode.c.h; path = ViewController.h; sourceTree = "<group>"; };
		815D183D2133AAFF0007DA73 /* ViewController.m */ = {isa = PBXFileReference; lastKnownFileType = sourcecode.c.objc; path = ViewController.m; sourceTree = "<group>"; };
		815D18402133AAFF0007DA73 /* Base */ = {isa = PBXFileReference; lastKnownFileType = file.storyboard; name = Base; path = Base.lproj/Main.storyboard; sourceTree = "<group>"; };
		815D18422133AB070007DA73 /* Assets.xcassets */ = {isa = PBXFileReference; lastKnownFileType = folder.assetcatalog; path = Assets.xcassets; sourceTree = "<group>"; };
		815D18452133AB070007DA73 /* Base */ = {isa = PBXFileReference; lastKnownFileType = file.storyboard; name = Base; path = Base.lproj/LaunchScreen.storyboard; sourceTree = "<group>"; };
		815D18472133AB070007DA73 /* Info.plist */ = {isa = PBXFileReference; lastKnownFileType = text.plist.xml; path = Info.plist; sourceTree = "<group>"; };
		815D18482133AB070007DA73 /* main.m */ = {isa = PBXFileReference; lastKnownFileType = sourcecode.c.objc; path = main.m; sourceTree = "<group>"; };
		815D184E2133AB070007DA73 /* gerenTests.xctest */ = {isa = PBXFileReference; explicitFileType = wrapper.cfbundle; includeInIndex = 0; path = gerenTests.xctest; sourceTree = BUILT_PRODUCTS_DIR; };
		815D18522133AB070007DA73 /* gerenTests.m */ = {isa = PBXFileReference; lastKnownFileType = sourcecode.c.objc; path = gerenTests.m; sourceTree = "<group>"; };
		815D18542133AB070007DA73 /* Info.plist */ = {isa = PBXFileReference; lastKnownFileType = text.plist.xml; path = Info.plist; sourceTree = "<group>"; };
		815D18592133AB070007DA73 /* gerenUITests.xctest */ = {isa = PBXFileReference; explicitFileType = wrapper.cfbundle; includeInIndex = 0; path = gerenUITests.xctest; sourceTree = BUILT_PRODUCTS_DIR; };
		815D185D2133AB070007DA73 /* gerenUITests.m */ = {isa = PBXFileReference; lastKnownFileType = sourcecode.c.objc; path = gerenUITests.m; sourceTree = "<group>"; };
		815D185F2133AB070007DA73 /* Info.plist */ = {isa = PBXFileReference; lastKnownFileType = text.plist.xml; path = Info.plist; sourceTree = "<group>"; };
		815D186C2133AB520007DA73 /* HZBNaviViewController.h */ = {isa = PBXFileReference; lastKnownFileType = sourcecode.c.h; path = HZBNaviViewController.h; sourceTree = "<group>"; };
		815D186D2133AB520007DA73 /* HZBNaviViewController.m */ = {isa = PBXFileReference; lastKnownFileType = sourcecode.c.objc; path = HZBNaviViewController.m; sourceTree = "<group>"; };
		815D186F2133ABD90007DA73 /* HZBBaseViewController.h */ = {isa = PBXFileReference; lastKnownFileType = sourcecode.c.h; path = HZBBaseViewController.h; sourceTree = "<group>"; };
		815D18702133ABD90007DA73 /* HZBBaseViewController.m */ = {isa = PBXFileReference; lastKnownFileType = sourcecode.c.objc; path = HZBBaseViewController.m; sourceTree = "<group>"; };
		815D18732133AE3E0007DA73 /* Info.plist */ = {isa = PBXFileReference; fileEncoding = 4; lastKnownFileType = text.plist.xml; path = Info.plist; sourceTree = "<group>"; };
		815D18742133AE3E0007DA73 /* MASCompositeConstraint.h */ = {isa = PBXFileReference; fileEncoding = 4; lastKnownFileType = sourcecode.c.h; path = MASCompositeConstraint.h; sourceTree = "<group>"; };
		815D18752133AE3E0007DA73 /* MASCompositeConstraint.m */ = {isa = PBXFileReference; fileEncoding = 4; lastKnownFileType = sourcecode.c.objc; path = MASCompositeConstraint.m; sourceTree = "<group>"; };
		815D18762133AE3E0007DA73 /* MASConstraint+Private.h */ = {isa = PBXFileReference; fileEncoding = 4; lastKnownFileType = sourcecode.c.h; path = "MASConstraint+Private.h"; sourceTree = "<group>"; };
		815D18772133AE3E0007DA73 /* MASConstraint.h */ = {isa = PBXFileReference; fileEncoding = 4; lastKnownFileType = sourcecode.c.h; path = MASConstraint.h; sourceTree = "<group>"; };
		815D18782133AE3E0007DA73 /* MASConstraint.m */ = {isa = PBXFileReference; fileEncoding = 4; lastKnownFileType = sourcecode.c.objc; path = MASConstraint.m; sourceTree = "<group>"; };
		815D18792133AE3E0007DA73 /* MASConstraintMaker.h */ = {isa = PBXFileReference; fileEncoding = 4; lastKnownFileType = sourcecode.c.h; path = MASConstraintMaker.h; sourceTree = "<group>"; };
		815D187A2133AE3E0007DA73 /* MASConstraintMaker.m */ = {isa = PBXFileReference; fileEncoding = 4; lastKnownFileType = sourcecode.c.objc; path = MASConstraintMaker.m; sourceTree = "<group>"; };
		815D187B2133AE3E0007DA73 /* MASLayoutConstraint.h */ = {isa = PBXFileReference; fileEncoding = 4; lastKnownFileType = sourcecode.c.h; path = MASLayoutConstraint.h; sourceTree = "<group>"; };
		815D187C2133AE3E0007DA73 /* MASLayoutConstraint.m */ = {isa = PBXFileReference; fileEncoding = 4; lastKnownFileType = sourcecode.c.objc; path = MASLayoutConstraint.m; sourceTree = "<group>"; };
		815D187D2133AE3E0007DA73 /* Masonry.h */ = {isa = PBXFileReference; fileEncoding = 4; lastKnownFileType = sourcecode.c.h; path = Masonry.h; sourceTree = "<group>"; };
		815D187E2133AE3E0007DA73 /* MASUtilities.h */ = {isa = PBXFileReference; fileEncoding = 4; lastKnownFileType = sourcecode.c.h; path = MASUtilities.h; sourceTree = "<group>"; };
		815D187F2133AE3E0007DA73 /* MASViewAttribute.h */ = {isa = PBXFileReference; fileEncoding = 4; lastKnownFileType = sourcecode.c.h; path = MASViewAttribute.h; sourceTree = "<group>"; };
		815D18802133AE3E0007DA73 /* MASViewAttribute.m */ = {isa = PBXFileReference; fileEncoding = 4; lastKnownFileType = sourcecode.c.objc; path = MASViewAttribute.m; sourceTree = "<group>"; };
		815D18812133AE3E0007DA73 /* MASViewConstraint.h */ = {isa = PBXFileReference; fileEncoding = 4; lastKnownFileType = sourcecode.c.h; path = MASViewConstraint.h; sourceTree = "<group>"; };
		815D18822133AE3E0007DA73 /* MASViewConstraint.m */ = {isa = PBXFileReference; fileEncoding = 4; lastKnownFileType = sourcecode.c.objc; path = MASViewConstraint.m; sourceTree = "<group>"; };
		815D18832133AE3E0007DA73 /* NSArray+MASAdditions.h */ = {isa = PBXFileReference; fileEncoding = 4; lastKnownFileType = sourcecode.c.h; path = "NSArray+MASAdditions.h"; sourceTree = "<group>"; };
		815D18842133AE3E0007DA73 /* NSArray+MASAdditions.m */ = {isa = PBXFileReference; fileEncoding = 4; lastKnownFileType = sourcecode.c.objc; path = "NSArray+MASAdditions.m"; sourceTree = "<group>"; };
		815D18852133AE3E0007DA73 /* NSArray+MASShorthandAdditions.h */ = {isa = PBXFileReference; fileEncoding = 4; lastKnownFileType = sourcecode.c.h; path = "NSArray+MASShorthandAdditions.h"; sourceTree = "<group>"; };
		815D18862133AE3E0007DA73 /* NSLayoutConstraint+MASDebugAdditions.h */ = {isa = PBXFileReference; fileEncoding = 4; lastKnownFileType = sourcecode.c.h; path = "NSLayoutConstraint+MASDebugAdditions.h"; sourceTree = "<group>"; };
		815D18872133AE3E0007DA73 /* NSLayoutConstraint+MASDebugAdditions.m */ = {isa = PBXFileReference; fileEncoding = 4; lastKnownFileType = sourcecode.c.objc; path = "NSLayoutConstraint+MASDebugAdditions.m"; sourceTree = "<group>"; };
		815D18882133AE3E0007DA73 /* View+MASAdditions.h */ = {isa = PBXFileReference; fileEncoding = 4; lastKnownFileType = sourcecode.c.h; path = "View+MASAdditions.h"; sourceTree = "<group>"; };
		815D18892133AE3E0007DA73 /* View+MASAdditions.m */ = {isa = PBXFileReference; fileEncoding = 4; lastKnownFileType = sourcecode.c.objc; path = "View+MASAdditions.m"; sourceTree = "<group>"; };
		815D188A2133AE3E0007DA73 /* View+MASShorthandAdditions.h */ = {isa = PBXFileReference; fileEncoding = 4; lastKnownFileType = sourcecode.c.h; path = "View+MASShorthandAdditions.h"; sourceTree = "<group>"; };
		815D188B2133AE3E0007DA73 /* ViewController+MASAdditions.h */ = {isa = PBXFileReference; fileEncoding = 4; lastKnownFileType = sourcecode.c.h; path = "ViewController+MASAdditions.h"; sourceTree = "<group>"; };
		815D188C2133AE3E0007DA73 /* ViewController+MASAdditions.m */ = {isa = PBXFileReference; fileEncoding = 4; lastKnownFileType = sourcecode.c.objc; path = "ViewController+MASAdditions.m"; sourceTree = "<group>"; };
		815D18992133C5330007DA73 /* HZBNaviViewController+transparent.h */ = {isa = PBXFileReference; lastKnownFileType = sourcecode.c.h; path = "HZBNaviViewController+transparent.h"; sourceTree = "<group>"; };
		815D189A2133C5330007DA73 /* HZBNaviViewController+transparent.m */ = {isa = PBXFileReference; lastKnownFileType = sourcecode.c.objc; path = "HZBNaviViewController+transparent.m"; sourceTree = "<group>"; };
		815D189C2133C5520007DA73 /* HZBBaseViewController+transparent.h */ = {isa = PBXFileReference; lastKnownFileType = sourcecode.c.h; path = "HZBBaseViewController+transparent.h"; sourceTree = "<group>"; };
		815D189D2133C5520007DA73 /* HZBBaseViewController+transparent.m */ = {isa = PBXFileReference; lastKnownFileType = sourcecode.c.objc; path = "HZBBaseViewController+transparent.m"; sourceTree = "<group>"; };
		815D189F2133C8EB0007DA73 /* testViewController.h */ = {isa = PBXFileReference; lastKnownFileType = sourcecode.c.h; path = testViewController.h; sourceTree = "<group>"; };
		815D18A02133C8EB0007DA73 /* testViewController.m */ = {isa = PBXFileReference; lastKnownFileType = sourcecode.c.objc; path = testViewController.m; sourceTree = "<group>"; };
		815D18A22133CE760007DA73 /* RootViewController.h */ = {isa = PBXFileReference; lastKnownFileType = sourcecode.c.h; path = RootViewController.h; sourceTree = "<group>"; };
		815D18A32133CE760007DA73 /* RootViewController.m */ = {isa = PBXFileReference; lastKnownFileType = sourcecode.c.objc; path = RootViewController.m; sourceTree = "<group>"; };
/* End PBXFileReference section */

/* Begin PBXFrameworksBuildPhase section */
		815D18332133AAFF0007DA73 /* Frameworks */ = {
			isa = PBXFrameworksBuildPhase;
			buildActionMask = 2147483647;
			files = (
			);
			runOnlyForDeploymentPostprocessing = 0;
		};
		815D184B2133AB070007DA73 /* Frameworks */ = {
			isa = PBXFrameworksBuildPhase;
			buildActionMask = 2147483647;
			files = (
			);
			runOnlyForDeploymentPostprocessing = 0;
		};
		815D18562133AB070007DA73 /* Frameworks */ = {
			isa = PBXFrameworksBuildPhase;
			buildActionMask = 2147483647;
			files = (
			);
			runOnlyForDeploymentPostprocessing = 0;
		};
/* End PBXFrameworksBuildPhase section */

/* Begin PBXGroup section */
		815D182D2133AAFF0007DA73 = {
			isa = PBXGroup;
			children = (
				815D18382133AAFF0007DA73 /* geren */,
				815D18512133AB070007DA73 /* gerenTests */,
				815D185C2133AB070007DA73 /* gerenUITests */,
				815D18372133AAFF0007DA73 /* Products */,
			);
			sourceTree = "<group>";
		};
		815D18372133AAFF0007DA73 /* Products */ = {
			isa = PBXGroup;
			children = (
				815D18362133AAFF0007DA73 /* geren.app */,
				815D184E2133AB070007DA73 /* gerenTests.xctest */,
				815D18592133AB070007DA73 /* gerenUITests.xctest */,
			);
			name = Products;
			sourceTree = "<group>";
		};
		815D18382133AAFF0007DA73 /* geren */ = {
			isa = PBXGroup;
			children = (
				815D18982133C4AC0007DA73 /* Category */,
				815D18722133AE3E0007DA73 /* Masonry */,
				815D186B2133AB2B0007DA73 /* navi */,
				815D18392133AAFF0007DA73 /* AppDelegate.h */,
				815D183A2133AAFF0007DA73 /* AppDelegate.m */,
				815D183C2133AAFF0007DA73 /* ViewController.h */,
				815D183D2133AAFF0007DA73 /* ViewController.m */,
				815D183F2133AAFF0007DA73 /* Main.storyboard */,
				815D18422133AB070007DA73 /* Assets.xcassets */,
				815D18442133AB070007DA73 /* LaunchScreen.storyboard */,
				815D18472133AB070007DA73 /* Info.plist */,
				815D18482133AB070007DA73 /* main.m */,
			);
			path = geren;
			sourceTree = "<group>";
		};
		815D18512133AB070007DA73 /* gerenTests */ = {
			isa = PBXGroup;
			children = (
				815D18522133AB070007DA73 /* gerenTests.m */,
				815D18542133AB070007DA73 /* Info.plist */,
			);
			path = gerenTests;
			sourceTree = "<group>";
		};
		815D185C2133AB070007DA73 /* gerenUITests */ = {
			isa = PBXGroup;
			children = (
				815D185D2133AB070007DA73 /* gerenUITests.m */,
				815D185F2133AB070007DA73 /* Info.plist */,
			);
			path = gerenUITests;
			sourceTree = "<group>";
		};
		815D186B2133AB2B0007DA73 /* navi */ = {
			isa = PBXGroup;
			children = (
				815D186C2133AB520007DA73 /* HZBNaviViewController.h */,
				815D186D2133AB520007DA73 /* HZBNaviViewController.m */,
				815D186F2133ABD90007DA73 /* HZBBaseViewController.h */,
				815D18702133ABD90007DA73 /* HZBBaseViewController.m */,
				815D189F2133C8EB0007DA73 /* testViewController.h */,
				815D18A02133C8EB0007DA73 /* testViewController.m */,
				815D18A22133CE760007DA73 /* RootViewController.h */,
				815D18A32133CE760007DA73 /* RootViewController.m */,
			);
			path = navi;
			sourceTree = "<group>";
		};
		815D18722133AE3E0007DA73 /* Masonry */ = {
			isa = PBXGroup;
			children = (
				815D18732133AE3E0007DA73 /* Info.plist */,
				815D18742133AE3E0007DA73 /* MASCompositeConstraint.h */,
				815D18752133AE3E0007DA73 /* MASCompositeConstraint.m */,
				815D18762133AE3E0007DA73 /* MASConstraint+Private.h */,
				815D18772133AE3E0007DA73 /* MASConstraint.h */,
				815D18782133AE3E0007DA73 /* MASConstraint.m */,
				815D18792133AE3E0007DA73 /* MASConstraintMaker.h */,
				815D187A2133AE3E0007DA73 /* MASConstraintMaker.m */,
				815D187B2133AE3E0007DA73 /* MASLayoutConstraint.h */,
				815D187C2133AE3E0007DA73 /* MASLayoutConstraint.m */,
				815D187D2133AE3E0007DA73 /* Masonry.h */,
				815D187E2133AE3E0007DA73 /* MASUtilities.h */,
				815D187F2133AE3E0007DA73 /* MASViewAttribute.h */,
				815D18802133AE3E0007DA73 /* MASViewAttribute.m */,
				815D18812133AE3E0007DA73 /* MASViewConstraint.h */,
				815D18822133AE3E0007DA73 /* MASViewConstraint.m */,
				815D18832133AE3E0007DA73 /* NSArray+MASAdditions.h */,
				815D18842133AE3E0007DA73 /* NSArray+MASAdditions.m */,
				815D18852133AE3E0007DA73 /* NSArray+MASShorthandAdditions.h */,
				815D18862133AE3E0007DA73 /* NSLayoutConstraint+MASDebugAdditions.h */,
				815D18872133AE3E0007DA73 /* NSLayoutConstraint+MASDebugAdditions.m */,
				815D18882133AE3E0007DA73 /* View+MASAdditions.h */,
				815D18892133AE3E0007DA73 /* View+MASAdditions.m */,
				815D188A2133AE3E0007DA73 /* View+MASShorthandAdditions.h */,
				815D188B2133AE3E0007DA73 /* ViewController+MASAdditions.h */,
				815D188C2133AE3E0007DA73 /* ViewController+MASAdditions.m */,
			);
			path = Masonry;
			sourceTree = "<group>";
		};
		815D18982133C4AC0007DA73 /* Category */ = {
			isa = PBXGroup;
			children = (
				815D18992133C5330007DA73 /* HZBNaviViewController+transparent.h */,
				815D189A2133C5330007DA73 /* HZBNaviViewController+transparent.m */,
				815D189C2133C5520007DA73 /* HZBBaseViewController+transparent.h */,
				815D189D2133C5520007DA73 /* HZBBaseViewController+transparent.m */,
			);
			path = Category;
			sourceTree = "<group>";
		};
/* End PBXGroup section */

/* Begin PBXNativeTarget section */
		815D18352133AAFF0007DA73 /* geren */ = {
			isa = PBXNativeTarget;
			buildConfigurationList = 815D18622133AB070007DA73 /* Build configuration list for PBXNativeTarget "geren" */;
			buildPhases = (
				815D18322133AAFF0007DA73 /* Sources */,
				815D18332133AAFF0007DA73 /* Frameworks */,
				815D18342133AAFF0007DA73 /* Resources */,
			);
			buildRules = (
			);
			dependencies = (
			);
			name = geren;
			productName = geren;
			productReference = 815D18362133AAFF0007DA73 /* geren.app */;
			productType = "com.apple.product-type.application";
		};
		815D184D2133AB070007DA73 /* gerenTests */ = {
			isa = PBXNativeTarget;
			buildConfigurationList = 815D18652133AB070007DA73 /* Build configuration list for PBXNativeTarget "gerenTests" */;
			buildPhases = (
				815D184A2133AB070007DA73 /* Sources */,
				815D184B2133AB070007DA73 /* Frameworks */,
				815D184C2133AB070007DA73 /* Resources */,
			);
			buildRules = (
			);
			dependencies = (
				815D18502133AB070007DA73 /* PBXTargetDependency */,
			);
			name = gerenTests;
			productName = gerenTests;
			productReference = 815D184E2133AB070007DA73 /* gerenTests.xctest */;
			productType = "com.apple.product-type.bundle.unit-test";
		};
		815D18582133AB070007DA73 /* gerenUITests */ = {
			isa = PBXNativeTarget;
			buildConfigurationList = 815D18682133AB070007DA73 /* Build configuration list for PBXNativeTarget "gerenUITests" */;
			buildPhases = (
				815D18552133AB070007DA73 /* Sources */,
				815D18562133AB070007DA73 /* Frameworks */,
				815D18572133AB070007DA73 /* Resources */,
			);
			buildRules = (
			);
			dependencies = (
				815D185B2133AB070007DA73 /* PBXTargetDependency */,
			);
			name = gerenUITests;
			productName = gerenUITests;
			productReference = 815D18592133AB070007DA73 /* gerenUITests.xctest */;
			productType = "com.apple.product-type.bundle.ui-testing";
		};
/* End PBXNativeTarget section */

/* Begin PBXProject section */
		815D182E2133AAFF0007DA73 /* Project object */ = {
			isa = PBXProject;
			attributes = {
				LastUpgradeCheck = 0940;
				ORGANIZATIONNAME = ios;
				TargetAttributes = {
					815D18352133AAFF0007DA73 = {
						CreatedOnToolsVersion = 9.4.1;
					};
					815D184D2133AB070007DA73 = {
						CreatedOnToolsVersion = 9.4.1;
						TestTargetID = 815D18352133AAFF0007DA73;
					};
					815D18582133AB070007DA73 = {
						CreatedOnToolsVersion = 9.4.1;
						TestTargetID = 815D18352133AAFF0007DA73;
					};
				};
			};
			buildConfigurationList = 815D18312133AAFF0007DA73 /* Build configuration list for PBXProject "geren" */;
			compatibilityVersion = "Xcode 9.3";
			developmentRegion = en;
			hasScannedForEncodings = 0;
			knownRegions = (
				en,
				Base,
			);
			mainGroup = 815D182D2133AAFF0007DA73;
			productRefGroup = 815D18372133AAFF0007DA73 /* Products */;
			projectDirPath = "";
			projectRoot = "";
			targets = (
				815D18352133AAFF0007DA73 /* geren */,
				815D184D2133AB070007DA73 /* gerenTests */,
				815D18582133AB070007DA73 /* gerenUITests */,
			);
		};
/* End PBXProject section */

/* Begin PBXResourcesBuildPhase section */
		815D18342133AAFF0007DA73 /* Resources */ = {
			isa = PBXResourcesBuildPhase;
			buildActionMask = 2147483647;
			files = (
				815D188D2133AE3E0007DA73 /* Info.plist in Resources */,
				815D18462133AB070007DA73 /* LaunchScreen.storyboard in Resources */,
				815D18432133AB070007DA73 /* Assets.xcassets in Resources */,
				815D18412133AAFF0007DA73 /* Main.storyboard in Resources */,
			);
			runOnlyForDeploymentPostprocessing = 0;
		};
		815D184C2133AB070007DA73 /* Resources */ = {
			isa = PBXResourcesBuildPhase;
			buildActionMask = 2147483647;
			files = (
			);
			runOnlyForDeploymentPostprocessing = 0;
		};
		815D18572133AB070007DA73 /* Resources */ = {
			isa = PBXResourcesBuildPhase;
			buildActionMask = 2147483647;
			files = (
			);
			runOnlyForDeploymentPostprocessing = 0;
		};
/* End PBXResourcesBuildPhase section */

/* Begin PBXSourcesBuildPhase section */
		815D18322133AAFF0007DA73 /* Sources */ = {
			isa = PBXSourcesBuildPhase;
			buildActionMask = 2147483647;
			files = (
				815D18952133AE3E0007DA73 /* NSLayoutConstraint+MASDebugAdditions.m in Sources */,
				815D18A42133CE760007DA73 /* RootViewController.m in Sources */,
				815D18712133ABD90007DA73 /* HZBBaseViewController.m in Sources */,
				815D18932133AE3E0007DA73 /* MASViewConstraint.m in Sources */,
				815D183E2133AAFF0007DA73 /* ViewController.m in Sources */,
				815D18492133AB070007DA73 /* main.m in Sources */,
				815D183B2133AAFF0007DA73 /* AppDelegate.m in Sources */,
				815D18A12133C8EB0007DA73 /* testViewController.m in Sources */,
				815D18962133AE3E0007DA73 /* View+MASAdditions.m in Sources */,
				815D188E2133AE3E0007DA73 /* MASCompositeConstraint.m in Sources */,
				815D18922133AE3E0007DA73 /* MASViewAttribute.m in Sources */,
				815D18902133AE3E0007DA73 /* MASConstraintMaker.m in Sources */,
				815D18942133AE3E0007DA73 /* NSArray+MASAdditions.m in Sources */,
				815D189E2133C5520007DA73 /* HZBBaseViewController+transparent.m in Sources */,
				815D18972133AE3E0007DA73 /* ViewController+MASAdditions.m in Sources */,
				815D189B2133C5330007DA73 /* HZBNaviViewController+transparent.m in Sources */,
				815D188F2133AE3E0007DA73 /* MASConstraint.m in Sources */,
				815D18912133AE3E0007DA73 /* MASLayoutConstraint.m in Sources */,
				815D186E2133AB520007DA73 /* HZBNaviViewController.m in Sources */,
			);
			runOnlyForDeploymentPostprocessing = 0;
		};
		815D184A2133AB070007DA73 /* Sources */ = {
			isa = PBXSourcesBuildPhase;
			buildActionMask = 2147483647;
			files = (
				815D18532133AB070007DA73 /* gerenTests.m in Sources */,
			);
			runOnlyForDeploymentPostprocessing = 0;
		};
		815D18552133AB070007DA73 /* Sources */ = {
			isa = PBXSourcesBuildPhase;
			buildActionMask = 2147483647;
			files = (
				815D185E2133AB070007DA73 /* gerenUITests.m in Sources */,
			);
			runOnlyForDeploymentPostprocessing = 0;
		};
/* End PBXSourcesBuildPhase section */

/* Begin PBXTargetDependency section */
		815D18502133AB070007DA73 /* PBXTargetDependency */ = {
			isa = PBXTargetDependency;
			target = 815D18352133AAFF0007DA73 /* geren */;
			targetProxy = 815D184F2133AB070007DA73 /* PBXContainerItemProxy */;
		};
		815D185B2133AB070007DA73 /* PBXTargetDependency */ = {
			isa = PBXTargetDependency;
			target = 815D18352133AAFF0007DA73 /* geren */;
			targetProxy = 815D185A2133AB070007DA73 /* PBXContainerItemProxy */;
		};
/* End PBXTargetDependency section */

/* Begin PBXVariantGroup section */
		815D183F2133AAFF0007DA73 /* Main.storyboard */ = {
			isa = PBXVariantGroup;
			children = (
				815D18402133AAFF0007DA73 /* Base */,
			);
			name = Main.storyboard;
			sourceTree = "<group>";
		};
		815D18442133AB070007DA73 /* LaunchScreen.storyboard */ = {
			isa = PBXVariantGroup;
			children = (
				815D18452133AB070007DA73 /* Base */,
			);
			name = LaunchScreen.storyboard;
			sourceTree = "<group>";
		};
/* End PBXVariantGroup section */

/* Begin XCBuildConfiguration section */
		815D18602133AB070007DA73 /* Debug */ = {
			isa = XCBuildConfiguration;
			buildSettings = {
				ALWAYS_SEARCH_USER_PATHS = NO;
				CLANG_ANALYZER_NONNULL = YES;
				CLANG_ANALYZER_NUMBER_OBJECT_CONVERSION = YES_AGGRESSIVE;
				CLANG_CXX_LANGUAGE_STANDARD = "gnu++14";
				CLANG_CXX_LIBRARY = "libc++";
				CLANG_ENABLE_MODULES = YES;
				CLANG_ENABLE_OBJC_ARC = YES;
				CLANG_ENABLE_OBJC_WEAK = YES;
				CLANG_WARN_BLOCK_CAPTURE_AUTORELEASING = YES;
				CLANG_WARN_BOOL_CONVERSION = YES;
				CLANG_WARN_COMMA = YES;
				CLANG_WARN_CONSTANT_CONVERSION = YES;
				CLANG_WARN_DEPRECATED_OBJC_IMPLEMENTATIONS = YES;
				CLANG_WARN_DIRECT_OBJC_ISA_USAGE = YES_ERROR;
				CLANG_WARN_DOCUMENTATION_COMMENTS = YES;
				CLANG_WARN_EMPTY_BODY = YES;
				CLANG_WARN_ENUM_CONVERSION = YES;
				CLANG_WARN_INFINITE_RECURSION = YES;
				CLANG_WARN_INT_CONVERSION = YES;
				CLANG_WARN_NON_LITERAL_NULL_CONVERSION = YES;
				CLANG_WARN_OBJC_IMPLICIT_RETAIN_SELF = YES;
				CLANG_WARN_OBJC_LITERAL_CONVERSION = YES;
				CLANG_WARN_OBJC_ROOT_CLASS = YES_ERROR;
				CLANG_WARN_RANGE_LOOP_ANALYSIS = YES;
				CLANG_WARN_STRICT_PROTOTYPES = YES;
				CLANG_WARN_SUSPICIOUS_MOVE = YES;
				CLANG_WARN_UNGUARDED_AVAILABILITY = YES_AGGRESSIVE;
				CLANG_WARN_UNREACHABLE_CODE = YES;
				CLANG_WARN__DUPLICATE_METHOD_MATCH = YES;
				CODE_SIGN_IDENTITY = "iPhone Developer";
				COPY_PHASE_STRIP = NO;
				DEBUG_INFORMATION_FORMAT = dwarf;
				ENABLE_STRICT_OBJC_MSGSEND = YES;
				ENABLE_TESTABILITY = YES;
				GCC_C_LANGUAGE_STANDARD = gnu11;
				GCC_DYNAMIC_NO_PIC = NO;
				GCC_NO_COMMON_BLOCKS = YES;
				GCC_OPTIMIZATION_LEVEL = 0;
				GCC_PREPROCESSOR_DEFINITIONS = (
					"DEBUG=1",
					"$(inherited)",
				);
				GCC_WARN_64_TO_32_BIT_CONVERSION = YES;
				GCC_WARN_ABOUT_RETURN_TYPE = YES_ERROR;
				GCC_WARN_UNDECLARED_SELECTOR = YES;
				GCC_WARN_UNINITIALIZED_AUTOS = YES_AGGRESSIVE;
				GCC_WARN_UNUSED_FUNCTION = YES;
				GCC_WARN_UNUSED_VARIABLE = YES;
				IPHONEOS_DEPLOYMENT_TARGET = 11.4;
				MTL_ENABLE_DEBUG_INFO = YES;
				ONLY_ACTIVE_ARCH = YES;
				SDKROOT = iphoneos;
			};
			name = Debug;
		};
		815D18612133AB070007DA73 /* Release */ = {
			isa = XCBuildConfiguration;
			buildSettings = {
				ALWAYS_SEARCH_USER_PATHS = NO;
				CLANG_ANALYZER_NONNULL = YES;
				CLANG_ANALYZER_NUMBER_OBJECT_CONVERSION = YES_AGGRESSIVE;
				CLANG_CXX_LANGUAGE_STANDARD = "gnu++14";
				CLANG_CXX_LIBRARY = "libc++";
				CLANG_ENABLE_MODULES = YES;
				CLANG_ENABLE_OBJC_ARC = YES;
				CLANG_ENABLE_OBJC_WEAK = YES;
				CLANG_WARN_BLOCK_CAPTURE_AUTORELEASING = YES;
				CLANG_WARN_BOOL_CONVERSION = YES;
				CLANG_WARN_COMMA = YES;
				CLANG_WARN_CONSTANT_CONVERSION = YES;
				CLANG_WARN_DEPRECATED_OBJC_IMPLEMENTATIONS = YES;
				CLANG_WARN_DIRECT_OBJC_ISA_USAGE = YES_ERROR;
				CLANG_WARN_DOCUMENTATION_COMMENTS = YES;
				CLANG_WARN_EMPTY_BODY = YES;
				CLANG_WARN_ENUM_CONVERSION = YES;
				CLANG_WARN_INFINITE_RECURSION = YES;
				CLANG_WARN_INT_CONVERSION = YES;
				CLANG_WARN_NON_LITERAL_NULL_CONVERSION = YES;
				CLANG_WARN_OBJC_IMPLICIT_RETAIN_SELF = YES;
				CLANG_WARN_OBJC_LITERAL_CONVERSION = YES;
				CLANG_WARN_OBJC_ROOT_CLASS = YES_ERROR;
				CLANG_WARN_RANGE_LOOP_ANALYSIS = YES;
				CLANG_WARN_STRICT_PROTOTYPES = YES;
				CLANG_WARN_SUSPICIOUS_MOVE = YES;
				CLANG_WARN_UNGUARDED_AVAILABILITY = YES_AGGRESSIVE;
				CLANG_WARN_UNREACHABLE_CODE = YES;
				CLANG_WARN__DUPLICATE_METHOD_MATCH = YES;
				CODE_SIGN_IDENTITY = "iPhone Developer";
				COPY_PHASE_STRIP = NO;
				DEBUG_INFORMATION_FORMAT = "dwarf-with-dsym";
				ENABLE_NS_ASSERTIONS = NO;
				ENABLE_STRICT_OBJC_MSGSEND = YES;
				GCC_C_LANGUAGE_STANDARD = gnu11;
				GCC_NO_COMMON_BLOCKS = YES;
				GCC_WARN_64_TO_32_BIT_CONVERSION = YES;
				GCC_WARN_ABOUT_RETURN_TYPE = YES_ERROR;
				GCC_WARN_UNDECLARED_SELECTOR = YES;
				GCC_WARN_UNINITIALIZED_AUTOS = YES_AGGRESSIVE;
				GCC_WARN_UNUSED_FUNCTION = YES;
				GCC_WARN_UNUSED_VARIABLE = YES;
				IPHONEOS_DEPLOYMENT_TARGET = 11.4;
				MTL_ENABLE_DEBUG_INFO = NO;
				SDKROOT = iphoneos;
				VALIDATE_PRODUCT = YES;
			};
			name = Release;
		};
		815D18632133AB070007DA73 /* Debug */ = {
			isa = XCBuildConfiguration;
			buildSettings = {
				ASSETCATALOG_COMPILER_APPICON_NAME = AppIcon;
				CODE_SIGN_STYLE = Automatic;
				DEVELOPMENT_TEAM = W8TX8SUZ96;
				INFOPLIST_FILE = geren/Info.plist;
				LD_RUNPATH_SEARCH_PATHS = (
					"$(inherited)",
					"@executable_path/Frameworks",
				);
				PRODUCT_BUNDLE_IDENTIFIER = com.szssyx.geren.geren;
				PRODUCT_NAME = "$(TARGET_NAME)";
				TARGETED_DEVICE_FAMILY = "1,2";
			};
			name = Debug;
		};
		815D18642133AB070007DA73 /* Release */ = {
			isa = XCBuildConfiguration;
			buildSettings = {
				ASSETCATALOG_COMPILER_APPICON_NAME = AppIcon;
				CODE_SIGN_STYLE = Automatic;
				DEVELOPMENT_TEAM = W8TX8SUZ96;
				INFOPLIST_FILE = geren/Info.plist;
				LD_RUNPATH_SEARCH_PATHS = (
					"$(inherited)",
					"@executable_path/Frameworks",
				);
				PRODUCT_BUNDLE_IDENTIFIER = com.szssyx.geren.geren;
				PRODUCT_NAME = "$(TARGET_NAME)";
				TARGETED_DEVICE_FAMILY = "1,2";
			};
			name = Release;
		};
		815D18662133AB070007DA73 /* Debug */ = {
			isa = XCBuildConfiguration;
			buildSettings = {
				BUNDLE_LOADER = "$(TEST_HOST)";
				CODE_SIGN_STYLE = Automatic;
				DEVELOPMENT_TEAM = W8TX8SUZ96;
				INFOPLIST_FILE = gerenTests/Info.plist;
				LD_RUNPATH_SEARCH_PATHS = (
					"$(inherited)",
					"@executable_path/Frameworks",
					"@loader_path/Frameworks",
				);
				PRODUCT_BUNDLE_IDENTIFIER = com.szssyx.geren.gerenTests;
				PRODUCT_NAME = "$(TARGET_NAME)";
				TARGETED_DEVICE_FAMILY = "1,2";
				TEST_HOST = "$(BUILT_PRODUCTS_DIR)/geren.app/geren";
			};
			name = Debug;
		};
		815D18672133AB070007DA73 /* Release */ = {
			isa = XCBuildConfiguration;
			buildSettings = {
				BUNDLE_LOADER = "$(TEST_HOST)";
				CODE_SIGN_STYLE = Automatic;
				DEVELOPMENT_TEAM = W8TX8SUZ96;
				INFOPLIST_FILE = gerenTests/Info.plist;
				LD_RUNPATH_SEARCH_PATHS = (
					"$(inherited)",
					"@executable_path/Frameworks",
					"@loader_path/Frameworks",
				);
				PRODUCT_BUNDLE_IDENTIFIER = com.szssyx.geren.gerenTests;
				PRODUCT_NAME = "$(TARGET_NAME)";
				TARGETED_DEVICE_FAMILY = "1,2";
				TEST_HOST = "$(BUILT_PRODUCTS_DIR)/geren.app/geren";
			};
			name = Release;
		};
		815D18692133AB070007DA73 /* Debug */ = {
			isa = XCBuildConfiguration;
			buildSettings = {
				CODE_SIGN_STYLE = Automatic;
				DEVELOPMENT_TEAM = W8TX8SUZ96;
				INFOPLIST_FILE = gerenUITests/Info.plist;
				LD_RUNPATH_SEARCH_PATHS = (
					"$(inherited)",
					"@executable_path/Frameworks",
					"@loader_path/Frameworks",
				);
				PRODUCT_BUNDLE_IDENTIFIER = com.szssyx.geren.gerenUITests;
				PRODUCT_NAME = "$(TARGET_NAME)";
				TARGETED_DEVICE_FAMILY = "1,2";
				TEST_TARGET_NAME = geren;
			};
			name = Debug;
		};
		815D186A2133AB070007DA73 /* Release */ = {
			isa = XCBuildConfiguration;
			buildSettings = {
				CODE_SIGN_STYLE = Automatic;
				DEVELOPMENT_TEAM = W8TX8SUZ96;
				INFOPLIST_FILE = gerenUITests/Info.plist;
				LD_RUNPATH_SEARCH_PATHS = (
					"$(inherited)",
					"@executable_path/Frameworks",
					"@loader_path/Frameworks",
				);
				PRODUCT_BUNDLE_IDENTIFIER = com.szssyx.geren.gerenUITests;
				PRODUCT_NAME = "$(TARGET_NAME)";
				TARGETED_DEVICE_FAMILY = "1,2";
				TEST_TARGET_NAME = geren;
			};
			name = Release;
		};
/* End XCBuildConfiguration section */

/* Begin XCConfigurationList section */
		815D18312133AAFF0007DA73 /* Build configuration list for PBXProject "geren" */ = {
			isa = XCConfigurationList;
			buildConfigurations = (
				815D18602133AB070007DA73 /* Debug */,
				815D18612133AB070007DA73 /* Release */,
			);
			defaultConfigurationIsVisible = 0;
			defaultConfigurationName = Release;
		};
		815D18622133AB070007DA73 /* Build configuration list for PBXNativeTarget "geren" */ = {
			isa = XCConfigurationList;
			buildConfigurations = (
				815D18632133AB070007DA73 /* Debug */,
				815D18642133AB070007DA73 /* Release */,
			);
			defaultConfigurationIsVisible = 0;
			defaultConfigurationName = Release;
		};
		815D18652133AB070007DA73 /* Build configuration list for PBXNativeTarget "gerenTests" */ = {
			isa = XCConfigurationList;
			buildConfigurations = (
				815D18662133AB070007DA73 /* Debug */,
				815D18672133AB070007DA73 /* Release */,
			);
			defaultConfigurationIsVisible = 0;
			defaultConfigurationName = Release;
		};
		815D18682133AB070007DA73 /* Build configuration list for PBXNativeTarget "gerenUITests" */ = {
			isa = XCConfigurationList;
			buildConfigurations = (
				815D18692133AB070007DA73 /* Debug */,
				815D186A2133AB070007DA73 /* Release */,
			);
			defaultConfigurationIsVisible = 0;
			defaultConfigurationName = Release;
		};
/* End XCConfigurationList section */
	};
	rootObject = 815D182E2133AAFF0007DA73 /* Project object */;
}
